// !$*UTF8*$!
{
	archiveVersion = 1;
	classes = {
	};
	objectVersion = 50;
	objects = {

/* Begin PBXBuildFile section */
		C3745830259C5057002D4E11 /* AppDelegate.swift in Sources */ = {isa = PBXBuildFile; fileRef = C374582F259C5057002D4E11 /* AppDelegate.swift */; };
		C3745832259C5057002D4E11 /* SceneDelegate.swift in Sources */ = {isa = PBXBuildFile; fileRef = C3745831259C5057002D4E11 /* SceneDelegate.swift */; };
		C3745834259C5057002D4E11 /* ContentView.swift in Sources */ = {isa = PBXBuildFile; fileRef = C3745833259C5057002D4E11 /* ContentView.swift */; };
		C3745836259C5059002D4E11 /* Assets.xcassets in Resources */ = {isa = PBXBuildFile; fileRef = C3745835259C5059002D4E11 /* Assets.xcassets */; };
		C3745839259C5059002D4E11 /* Preview Assets.xcassets in Resources */ = {isa = PBXBuildFile; fileRef = C3745838259C5059002D4E11 /* Preview Assets.xcassets */; };
		C374583C259C5059002D4E11 /* LaunchScreen.storyboard in Resources */ = {isa = PBXBuildFile; fileRef = C374583A259C5059002D4E11 /* LaunchScreen.storyboard */; };
		C3745847259C5059002D4E11 /* TestGit2Tests.swift in Sources */ = {isa = PBXBuildFile; fileRef = C3745846259C5059002D4E11 /* TestGit2Tests.swift */; };
		C3745852259C5059002D4E11 /* TestGit2UITests.swift in Sources */ = {isa = PBXBuildFile; fileRef = C3745851259C5059002D4E11 /* TestGit2UITests.swift */; };
/* End PBXBuildFile section */

/* Begin PBXContainerItemProxy section */
		C3745843259C5059002D4E11 /* PBXContainerItemProxy */ = {
			isa = PBXContainerItemProxy;
			containerPortal = C3745824259C5057002D4E11 /* Project object */;
			proxyType = 1;
			remoteGlobalIDString = C374582B259C5057002D4E11;
			remoteInfo = TestGit2;
		};
		C374584E259C5059002D4E11 /* PBXContainerItemProxy */ = {
			isa = PBXContainerItemProxy;
			containerPortal = C3745824259C5057002D4E11 /* Project object */;
			proxyType = 1;
			remoteGlobalIDString = C374582B259C5057002D4E11;
			remoteInfo = TestGit2;
		};
/* End PBXContainerItemProxy section */

/* Begin PBXFileReference section */
		C374582C259C5057002D4E11 /* TestGit2.app */ = {isa = PBXFileReference; explicitFileType = wrapper.application; includeInIndex = 0; path = TestGit2.app; sourceTree = BUILT_PRODUCTS_DIR; };
		C374582F259C5057002D4E11 /* AppDelegate.swift */ = {isa = PBXFileReference; lastKnownFileType = sourcecode.swift; path = AppDelegate.swift; sourceTree = "<group>"; };
		C3745831259C5057002D4E11 /* SceneDelegate.swift */ = {isa = PBXFileReference; lastKnownFileType = sourcecode.swift; path = SceneDelegate.swift; sourceTree = "<group>"; };
		C3745833259C5057002D4E11 /* ContentView.swift */ = {isa = PBXFileReference; lastKnownFileType = sourcecode.swift; path = ContentView.swift; sourceTree = "<group>"; };
		C3745835259C5059002D4E11 /* Assets.xcassets */ = {isa = PBXFileReference; lastKnownFileType = folder.assetcatalog; path = Assets.xcassets; sourceTree = "<group>"; };
		C3745838259C5059002D4E11 /* Preview Assets.xcassets */ = {isa = PBXFileReference; lastKnownFileType = folder.assetcatalog; path = "Preview Assets.xcassets"; sourceTree = "<group>"; };
		C374583B259C5059002D4E11 /* Base */ = {isa = PBXFileReference; lastKnownFileType = file.storyboard; name = Base; path = Base.lproj/LaunchScreen.storyboard; sourceTree = "<group>"; };
		C374583D259C5059002D4E11 /* Info.plist */ = {isa = PBXFileReference; lastKnownFileType = text.plist.xml; path = Info.plist; sourceTree = "<group>"; };
		C3745842259C5059002D4E11 /* TestGit2Tests.xctest */ = {isa = PBXFileReference; explicitFileType = wrapper.cfbundle; includeInIndex = 0; path = TestGit2Tests.xctest; sourceTree = BUILT_PRODUCTS_DIR; };
		C3745846259C5059002D4E11 /* TestGit2Tests.swift */ = {isa = PBXFileReference; lastKnownFileType = sourcecode.swift; path = TestGit2Tests.swift; sourceTree = "<group>"; };
		C3745848259C5059002D4E11 /* Info.plist */ = {isa = PBXFileReference; lastKnownFileType = text.plist.xml; path = Info.plist; sourceTree = "<group>"; };
		C374584D259C5059002D4E11 /* TestGit2UITests.xctest */ = {isa = PBXFileReference; explicitFileType = wrapper.cfbundle; includeInIndex = 0; path = TestGit2UITests.xctest; sourceTree = BUILT_PRODUCTS_DIR; };
		C3745851259C5059002D4E11 /* TestGit2UITests.swift */ = {isa = PBXFileReference; lastKnownFileType = sourcecode.swift; path = TestGit2UITests.swift; sourceTree = "<group>"; };
		C3745853259C5059002D4E11 /* Info.plist */ = {isa = PBXFileReference; lastKnownFileType = text.plist.xml; path = Info.plist; sourceTree = "<group>"; };
/* End PBXFileReference section */

/* Begin PBXFrameworksBuildPhase section */
		C3745829259C5057002D4E11 /* Frameworks */ = {
			isa = PBXFrameworksBuildPhase;
			buildActionMask = 2147483647;
			files = (
			);
			runOnlyForDeploymentPostprocessing = 0;
		};
		C374583F259C5059002D4E11 /* Frameworks */ = {
			isa = PBXFrameworksBuildPhase;
			buildActionMask = 2147483647;
			files = (
			);
			runOnlyForDeploymentPostprocessing = 0;
		};
		C374584A259C5059002D4E11 /* Frameworks */ = {
			isa = PBXFrameworksBuildPhase;
			buildActionMask = 2147483647;
			files = (
			);
			runOnlyForDeploymentPostprocessing = 0;
		};
/* End PBXFrameworksBuildPhase section */

/* Begin PBXGroup section */
		C3745823259C5057002D4E11 = {
			isa = PBXGroup;
			children = (
				C374582E259C5057002D4E11 /* TestGit2 */,
				C3745845259C5059002D4E11 /* TestGit2Tests */,
				C3745850259C5059002D4E11 /* TestGit2UITests */,
				C374582D259C5057002D4E11 /* Products */,
			);
			sourceTree = "<group>";
		};
		C374582D259C5057002D4E11 /* Products */ = {
			isa = PBXGroup;
			children = (
				C374582C259C5057002D4E11 /* TestGit2.app */,
				C3745842259C5059002D4E11 /* TestGit2Tests.xctest */,
				C374584D259C5059002D4E11 /* TestGit2UITests.xctest */,
			);
			name = Products;
			sourceTree = "<group>";
		};
		C374582E259C5057002D4E11 /* TestGit2 */ = {
			isa = PBXGroup;
			children = (
				C374582F259C5057002D4E11 /* AppDelegate.swift */,
				C3745831259C5057002D4E11 /* SceneDelegate.swift */,
				C3745833259C5057002D4E11 /* ContentView.swift */,
				C3745835259C5059002D4E11 /* Assets.xcassets */,
				C374583A259C5059002D4E11 /* LaunchScreen.storyboard */,
				C374583D259C5059002D4E11 /* Info.plist */,
				C3745837259C5059002D4E11 /* Preview Content */,
			);
			path = TestGit2;
			sourceTree = "<group>";
		};
		C3745837259C5059002D4E11 /* Preview Content */ = {
			isa = PBXGroup;
			children = (
				C3745838259C5059002D4E11 /* Preview Assets.xcassets */,
			);
			path = "Preview Content";
			sourceTree = "<group>";
		};
		C3745845259C5059002D4E11 /* TestGit2Tests */ = {
			isa = PBXGroup;
			children = (
				C3745846259C5059002D4E11 /* TestGit2Tests.swift */,
				C3745848259C5059002D4E11 /* Info.plist */,
			);
			path = TestGit2Tests;
			sourceTree = "<group>";
		};
		C3745850259C5059002D4E11 /* TestGit2UITests */ = {
			isa = PBXGroup;
			children = (
				C3745851259C5059002D4E11 /* TestGit2UITests.swift */,
				C3745853259C5059002D4E11 /* Info.plist */,
			);
			path = TestGit2UITests;
			sourceTree = "<group>";
		};
/* End PBXGroup section */

/* Begin PBXNativeTarget section */
		C374582B259C5057002D4E11 /* TestGit2 */ = {
			isa = PBXNativeTarget;
			buildConfigurationList = C3745856259C5059002D4E11 /* Build configuration list for PBXNativeTarget "TestGit2" */;
			buildPhases = (
				C3745828259C5057002D4E11 /* Sources */,
				C3745829259C5057002D4E11 /* Frameworks */,
				C374582A259C5057002D4E11 /* Resources */,
			);
			buildRules = (
			);
			dependencies = (
			);
			name = TestGit2;
			productName = TestGit2;
			productReference = C374582C259C5057002D4E11 /* TestGit2.app */;
			productType = "com.apple.product-type.application";
		};
		C3745841259C5059002D4E11 /* TestGit2Tests */ = {
			isa = PBXNativeTarget;
			buildConfigurationList = C3745859259C5059002D4E11 /* Build configuration list for PBXNativeTarget "TestGit2Tests" */;
			buildPhases = (
				C374583E259C5059002D4E11 /* Sources */,
				C374583F259C5059002D4E11 /* Frameworks */,
				C3745840259C5059002D4E11 /* Resources */,
			);
			buildRules = (
			);
			dependencies = (
				C3745844259C5059002D4E11 /* PBXTargetDependency */,
			);
			name = TestGit2Tests;
			productName = TestGit2Tests;
			productReference = C3745842259C5059002D4E11 /* TestGit2Tests.xctest */;
			productType = "com.apple.product-type.bundle.unit-test";
		};
		C374584C259C5059002D4E11 /* TestGit2UITests */ = {
			isa = PBXNativeTarget;
			buildConfigurationList = C374585C259C5059002D4E11 /* Build configuration list for PBXNativeTarget "TestGit2UITests" */;
			buildPhases = (
				C3745849259C5059002D4E11 /* Sources */,
				C374584A259C5059002D4E11 /* Frameworks */,
				C374584B259C5059002D4E11 /* Resources */,
			);
			buildRules = (
			);
			dependencies = (
				C374584F259C5059002D4E11 /* PBXTargetDependency */,
			);
			name = TestGit2UITests;
			productName = TestGit2UITests;
			productReference = C374584D259C5059002D4E11 /* TestGit2UITests.xctest */;
			productType = "com.apple.product-type.bundle.ui-testing";
		};
/* End PBXNativeTarget section */

/* Begin PBXProject section */
		C3745824259C5057002D4E11 /* Project object */ = {
			isa = PBXProject;
			attributes = {
				LastSwiftUpdateCheck = 1230;
				LastUpgradeCheck = 1230;
				TargetAttributes = {
					C374582B259C5057002D4E11 = {
						CreatedOnToolsVersion = 12.3;
					};
					C3745841259C5059002D4E11 = {
						CreatedOnToolsVersion = 12.3;
						TestTargetID = C374582B259C5057002D4E11;
					};
					C374584C259C5059002D4E11 = {
						CreatedOnToolsVersion = 12.3;
						TestTargetID = C374582B259C5057002D4E11;
					};
				};
			};
			buildConfigurationList = C3745827259C5057002D4E11 /* Build configuration list for PBXProject "TestGit2" */;
			compatibilityVersion = "Xcode 9.3";
			developmentRegion = en;
			hasScannedForEncodings = 0;
			knownRegions = (
				en,
				Base,
			);
			mainGroup = C3745823259C5057002D4E11;
			productRefGroup = C374582D259C5057002D4E11 /* Products */;
			projectDirPath = "";
			projectRoot = "";
			targets = (
				C374582B259C5057002D4E11 /* TestGit2 */,
				C3745841259C5059002D4E11 /* TestGit2Tests */,
				C374584C259C5059002D4E11 /* TestGit2UITests */,
			);
		};
/* End PBXProject section */

/* Begin PBXResourcesBuildPhase section */
		C374582A259C5057002D4E11 /* Resources */ = {
			isa = PBXResourcesBuildPhase;
			buildActionMask = 2147483647;
			files = (
				C374583C259C5059002D4E11 /* LaunchScreen.storyboard in Resources */,
				C3745839259C5059002D4E11 /* Preview Assets.xcassets in Resources */,
				C3745836259C5059002D4E11 /* Assets.xcassets in Resources */,
			);
			runOnlyForDeploymentPostprocessing = 0;
		};
		C3745840259C5059002D4E11 /* Resources */ = {
			isa = PBXResourcesBuildPhase;
			buildActionMask = 2147483647;
			files = (
			);
			runOnlyForDeploymentPostprocessing = 0;
		};
		C374584B259C5059002D4E11 /* Resources */ = {
			isa = PBXResourcesBuildPhase;
			buildActionMask = 2147483647;
			files = (
			);
			runOnlyForDeploymentPostprocessing = 0;
		};
/* End PBXResourcesBuildPhase section */

/* Begin PBXSourcesBuildPhase section */
		C3745828259C5057002D4E11 /* Sources */ = {
			isa = PBXSourcesBuildPhase;
			buildActionMask = 2147483647;
			files = (
				C3745830259C5057002D4E11 /* AppDelegate.swift in Sources */,
				C3745832259C5057002D4E11 /* SceneDelegate.swift in Sources */,
				C3745834259C5057002D4E11 /* ContentView.swift in Sources */,
			);
			runOnlyForDeploymentPostprocessing = 0;
		};
		C374583E259C5059002D4E11 /* Sources */ = {
			isa = PBXSourcesBuildPhase;
			buildActionMask = 2147483647;
			files = (
				C3745847259C5059002D4E11 /* TestGit2Tests.swift in Sources */,
			);
			runOnlyForDeploymentPostprocessing = 0;
		};
		C3745849259C5059002D4E11 /* Sources */ = {
			isa = PBXSourcesBuildPhase;
			buildActionMask = 2147483647;
			files = (
				C3745852259C5059002D4E11 /* TestGit2UITests.swift in Sources */,
			);
			runOnlyForDeploymentPostprocessing = 0;
		};
/* End PBXSourcesBuildPhase section */

/* Begin PBXTargetDependency section */
		C3745844259C5059002D4E11 /* PBXTargetDependency */ = {
			isa = PBXTargetDependency;
			target = C374582B259C5057002D4E11 /* TestGit2 */;
			targetProxy = C3745843259C5059002D4E11 /* PBXContainerItemProxy */;
		};
		C374584F259C5059002D4E11 /* PBXTargetDependency */ = {
			isa = PBXTargetDependency;
			target = C374582B259C5057002D4E11 /* TestGit2 */;
			targetProxy = C374584E259C5059002D4E11 /* PBXContainerItemProxy */;
		};
/* End PBXTargetDependency section */

/* Begin PBXVariantGroup section */
		C374583A259C5059002D4E11 /* LaunchScreen.storyboard */ = {
			isa = PBXVariantGroup;
			children = (
				C374583B259C5059002D4E11 /* Base */,
			);
			name = LaunchScreen.storyboard;
			sourceTree = "<group>";
		};
/* End PBXVariantGroup section */

/* Begin XCBuildConfiguration section */
		C3745854259C5059002D4E11 /* Debug */ = {
			isa = XCBuildConfiguration;
			buildSettings = {
				ALWAYS_SEARCH_USER_PATHS = NO;
				CLANG_ANALYZER_NONNULL = YES;
				CLANG_ANALYZER_NUMBER_OBJECT_CONVERSION = YES_AGGRESSIVE;
				CLANG_CXX_LANGUAGE_STANDARD = "gnu++14";
				CLANG_CXX_LIBRARY = "libc++";
				CLANG_ENABLE_MODULES = YES;
				CLANG_ENABLE_OBJC_ARC = YES;
				CLANG_ENABLE_OBJC_WEAK = YES;
				CLANG_WARN_BLOCK_CAPTURE_AUTORELEASING = YES;
				CLANG_WARN_BOOL_CONVERSION = YES;
				CLANG_WARN_COMMA = YES;
				CLANG_WARN_CONSTANT_CONVERSION = YES;
				CLANG_WARN_DEPRECATED_OBJC_IMPLEMENTATIONS = YES;
				CLANG_WARN_DIRECT_OBJC_ISA_USAGE = YES_ERROR;
				CLANG_WARN_DOCUMENTATION_COMMENTS = YES;
				CLANG_WARN_EMPTY_BODY = YES;
				CLANG_WARN_ENUM_CONVERSION = YES;
				CLANG_WARN_INFINITE_RECURSION = YES;
				CLANG_WARN_INT_CONVERSION = YES;
				CLANG_WARN_NON_LITERAL_NULL_CONVERSION = YES;
				CLANG_WARN_OBJC_IMPLICIT_RETAIN_SELF = YES;
				CLANG_WARN_OBJC_LITERAL_CONVERSION = YES;
				CLANG_WARN_OBJC_ROOT_CLASS = YES_ERROR;
				CLANG_WARN_QUOTED_INCLUDE_IN_FRAMEWORK_HEADER = YES;
				CLANG_WARN_RANGE_LOOP_ANALYSIS = YES;
				CLANG_WARN_STRICT_PROTOTYPES = YES;
				CLANG_WARN_SUSPICIOUS_MOVE = YES;
				CLANG_WARN_UNGUARDED_AVAILABILITY = YES_AGGRESSIVE;
				CLANG_WARN_UNREACHABLE_CODE = YES;
				CLANG_WARN__DUPLICATE_METHOD_MATCH = YES;
				COPY_PHASE_STRIP = NO;
				DEBUG_INFORMATION_FORMAT = dwarf;
				ENABLE_STRICT_OBJC_MSGSEND = YES;
				ENABLE_TESTABILITY = YES;
				GCC_C_LANGUAGE_STANDARD = gnu11;
				GCC_DYNAMIC_NO_PIC = NO;
				GCC_NO_COMMON_BLOCKS = YES;
				GCC_OPTIMIZATION_LEVEL = 0;
				GCC_PREPROCESSOR_DEFINITIONS = (
					"DEBUG=1",
					"$(inherited)",
				);
				GCC_WARN_64_TO_32_BIT_CONVERSION = YES;
				GCC_WARN_ABOUT_RETURN_TYPE = YES_ERROR;
				GCC_WARN_UNDECLARED_SELECTOR = YES;
				GCC_WARN_UNINITIALIZED_AUTOS = YES_AGGRESSIVE;
				GCC_WARN_UNUSED_FUNCTION = YES;
				GCC_WARN_UNUSED_VARIABLE = YES;
				IPHONEOS_DEPLOYMENT_TARGET = 14.3;
				MTL_ENABLE_DEBUG_INFO = INCLUDE_SOURCE;
				MTL_FAST_MATH = YES;
				ONLY_ACTIVE_ARCH = YES;
				SDKROOT = iphoneos;
				SWIFT_ACTIVE_COMPILATION_CONDITIONS = DEBUG;
				SWIFT_OPTIMIZATION_LEVEL = "-Onone";
			};
			name = Debug;
		};
		C3745855259C5059002D4E11 /* Release */ = {
			isa = XCBuildConfiguration;
			buildSettings = {
				ALWAYS_SEARCH_USER_PATHS = NO;
				CLANG_ANALYZER_NONNULL = YES;
				CLANG_ANALYZER_NUMBER_OBJECT_CONVERSION = YES_AGGRESSIVE;
				CLANG_CXX_LANGUAGE_STANDARD = "gnu++14";
				CLANG_CXX_LIBRARY = "libc++";
				CLANG_ENABLE_MODULES = YES;
				CLANG_ENABLE_OBJC_ARC = YES;
				CLANG_ENABLE_OBJC_WEAK = YES;
				CLANG_WARN_BLOCK_CAPTURE_AUTORELEASING = YES;
				CLANG_WARN_BOOL_CONVERSION = YES;
				CLANG_WARN_COMMA = YES;
				CLANG_WARN_CONSTANT_CONVERSION = YES;
				CLANG_WARN_DEPRECATED_OBJC_IMPLEMENTATIONS = YES;
				CLANG_WARN_DIRECT_OBJC_ISA_USAGE = YES_ERROR;
				CLANG_WARN_DOCUMENTATION_COMMENTS = YES;
				CLANG_WARN_EMPTY_BODY = YES;
				CLANG_WARN_ENUM_CONVERSION = YES;
				CLANG_WARN_INFINITE_RECURSION = YES;
				CLANG_WARN_INT_CONVERSION = YES;
				CLANG_WARN_NON_LITERAL_NULL_CONVERSION = YES;
				CLANG_WARN_OBJC_IMPLICIT_RETAIN_SELF = YES;
				CLANG_WARN_OBJC_LITERAL_CONVERSION = YES;
				CLANG_WARN_OBJC_ROOT_CLASS = YES_ERROR;
				CLANG_WARN_QUOTED_INCLUDE_IN_FRAMEWORK_HEADER = YES;
				CLANG_WARN_RANGE_LOOP_ANALYSIS = YES;
				CLANG_WARN_STRICT_PROTOTYPES = YES;
				CLANG_WARN_SUSPICIOUS_MOVE = YES;
				CLANG_WARN_UNGUARDED_AVAILABILITY = YES_AGGRESSIVE;
				CLANG_WARN_UNREACHABLE_CODE = YES;
				CLANG_WARN__DUPLICATE_METHOD_MATCH = YES;
				COPY_PHASE_STRIP = NO;
				DEBUG_INFORMATION_FORMAT = "dwarf-with-dsym";
				ENABLE_NS_ASSERTIONS = NO;
				ENABLE_STRICT_OBJC_MSGSEND = YES;
				GCC_C_LANGUAGE_STANDARD = gnu11;
				GCC_NO_COMMON_BLOCKS = YES;
				GCC_WARN_64_TO_32_BIT_CONVERSION = YES;
				GCC_WARN_ABOUT_RETURN_TYPE = YES_ERROR;
				GCC_WARN_UNDECLARED_SELECTOR = YES;
				GCC_WARN_UNINITIALIZED_AUTOS = YES_AGGRESSIVE;
				GCC_WARN_UNUSED_FUNCTION = YES;
				GCC_WARN_UNUSED_VARIABLE = YES;
				IPHONEOS_DEPLOYMENT_TARGET = 14.3;
				MTL_ENABLE_DEBUG_INFO = NO;
				MTL_FAST_MATH = YES;
				SDKROOT = iphoneos;
				SWIFT_COMPILATION_MODE = wholemodule;
				SWIFT_OPTIMIZATION_LEVEL = "-O";
				VALIDATE_PRODUCT = YES;
			};
			name = Release;
		};
		C3745857259C5059002D4E11 /* Debug */ = {
			isa = XCBuildConfiguration;
			buildSettings = {
				ASSETCATALOG_COMPILER_APPICON_NAME = AppIcon;
				ASSETCATALOG_COMPILER_GLOBAL_ACCENT_COLOR_NAME = AccentColor;
				CODE_SIGN_STYLE = Automatic;
				DEVELOPMENT_ASSET_PATHS = "\"TestGit2/Preview Content\"";
				ENABLE_PREVIEWS = YES;
				INFOPLIST_FILE = TestGit2/Info.plist;
				LD_RUNPATH_SEARCH_PATHS = (
					"$(inherited)",
					"@executable_path/Frameworks",
				);
				PRODUCT_BUNDLE_IDENTIFIER = kp11.TestGit2;
				PRODUCT_NAME = "$(TARGET_NAME)";
				SWIFT_VERSION = 5.0;
				TARGETED_DEVICE_FAMILY = "1,2";
			};
			name = Debug;
		};
		C3745858259C5059002D4E11 /* Release */ = {
			isa = XCBuildConfiguration;
			buildSettings = {
				ASSETCATALOG_COMPILER_APPICON_NAME = AppIcon;
				ASSETCATALOG_COMPILER_GLOBAL_ACCENT_COLOR_NAME = AccentColor;
				CODE_SIGN_STYLE = Automatic;
				DEVELOPMENT_ASSET_PATHS = "\"TestGit2/Preview Content\"";
				ENABLE_PREVIEWS = YES;
				INFOPLIST_FILE = TestGit2/Info.plist;
				LD_RUNPATH_SEARCH_PATHS = (
					"$(inherited)",
					"@executable_path/Frameworks",
				);
				PRODUCT_BUNDLE_IDENTIFIER = kp11.TestGit2;
				PRODUCT_NAME = "$(TARGET_NAME)";
				SWIFT_VERSION = 5.0;
				TARGETED_DEVICE_FAMILY = "1,2";
			};
			name = Release;
		};
		C374585A259C5059002D4E11 /* Debug */ = {
			isa = XCBuildConfiguration;
			buildSettings = {
				ALWAYS_EMBED_SWIFT_STANDARD_LIBRARIES = YES;
				BUNDLE_LOADER = "$(TEST_HOST)";
				CODE_SIGN_STYLE = Automatic;
				INFOPLIST_FILE = TestGit2Tests/Info.plist;
				IPHONEOS_DEPLOYMENT_TARGET = 14.3;
				LD_RUNPATH_SEARCH_PATHS = (
					"$(inherited)",
					"@executable_path/Frameworks",
					"@loader_path/Frameworks",
				);
				PRODUCT_BUNDLE_IDENTIFIER = kp11.TestGit2Tests;
				PRODUCT_NAME = "$(TARGET_NAME)";
				SWIFT_VERSION = 5.0;
				TARGETED_DEVICE_FAMILY = "1,2";
				TEST_HOST = "$(BUILT_PRODUCTS_DIR)/TestGit2.app/TestGit2";
			};
			name = Debug;
		};
		C374585B259C5059002D4E11 /* Release */ = {
			isa = XCBuildConfiguration;
			buildSettings = {
				ALWAYS_EMBED_SWIFT_STANDARD_LIBRARIES = YES;
				BUNDLE_LOADER = "$(TEST_HOST)";
				CODE_SIGN_STYLE = Automatic;
				INFOPLIST_FILE = TestGit2Tests/Info.plist;
				IPHONEOS_DEPLOYMENT_TARGET = 14.3;
				LD_RUNPATH_SEARCH_PATHS = (
					"$(inherited)",
					"@executable_path/Frameworks",
					"@loader_path/Frameworks",
				);
				PRODUCT_BUNDLE_IDENTIFIER = kp11.TestGit2Tests;
				PRODUCT_NAME = "$(TARGET_NAME)";
				SWIFT_VERSION = 5.0;
				TARGETED_DEVICE_FAMILY = "1,2";
				TEST_HOST = "$(BUILT_PRODUCTS_DIR)/TestGit2.app/TestGit2";
			};
			name = Release;
		};
		C374585D259C5059002D4E11 /* Debug */ = {
			isa = XCBuildConfiguration;
			buildSettings = {
				ALWAYS_EMBED_SWIFT_STANDARD_LIBRARIES = YES;
				CODE_SIGN_STYLE = Automatic;
				INFOPLIST_FILE = TestGit2UITests/Info.plist;
				LD_RUNPATH_SEARCH_PATHS = (
					"$(inherited)",
					"@executable_path/Frameworks",
					"@loader_path/Frameworks",
				);
				PRODUCT_BUNDLE_IDENTIFIER = kp11.TestGit2UITests;
				PRODUCT_NAME = "$(TARGET_NAME)";
				SWIFT_VERSION = 5.0;
				TARGETED_DEVICE_FAMILY = "1,2";
				TEST_TARGET_NAME = TestGit2;
			};
			name = Debug;
		};
		C374585E259C5059002D4E11 /* Release */ = {
			isa = XCBuildConfiguration;
			buildSettings = {
				ALWAYS_EMBED_SWIFT_STANDARD_LIBRARIES = YES;
				CODE_SIGN_STYLE = Automatic;
				INFOPLIST_FILE = TestGit2UITests/Info.plist;
				LD_RUNPATH_SEARCH_PATHS = (
					"$(inherited)",
					"@executable_path/Frameworks",
					"@loader_path/Frameworks",
				);
				PRODUCT_BUNDLE_IDENTIFIER = kp11.TestGit2UITests;
				PRODUCT_NAME = "$(TARGET_NAME)";
				SWIFT_VERSION = 5.0;
				TARGETED_DEVICE_FAMILY = "1,2";
				TEST_TARGET_NAME = TestGit2;
			};
			name = Release;
		};
/* End XCBuildConfiguration section */

/* Begin XCConfigurationList section */
		C3745827259C5057002D4E11 /* Build configuration list for PBXProject "TestGit2" */ = {
			isa = XCConfigurationList;
			buildConfigurations = (
				C3745854259C5059002D4E11 /* Debug */,
				C3745855259C5059002D4E11 /* Release */,
			);
			defaultConfigurationIsVisible = 0;
			defaultConfigurationName = Release;
		};
		C3745856259C5059002D4E11 /* Build configuration list for PBXNativeTarget "TestGit2" */ = {
			isa = XCConfigurationList;
			buildConfigurations = (
				C3745857259C5059002D4E11 /* Debug */,
				C3745858259C5059002D4E11 /* Release */,
			);
			defaultConfigurationIsVisible = 0;
			defaultConfigurationName = Release;
		};
		C3745859259C5059002D4E11 /* Build configuration list for PBXNativeTarget "TestGit2Tests" */ = {
			isa = XCConfigurationList;
			buildConfigurations = (
				C374585A259C5059002D4E11 /* Debug */,
				C374585B259C5059002D4E11 /* Release */,
			);
			defaultConfigurationIsVisible = 0;
			defaultConfigurationName = Release;
		};
		C374585C259C5059002D4E11 /* Build configuration list for PBXNativeTarget "TestGit2UITests" */ = {
			isa = XCConfigurationList;
			buildConfigurations = (
				C374585D259C5059002D4E11 /* Debug */,
				C374585E259C5059002D4E11 /* Release */,
			);
			defaultConfigurationIsVisible = 0;
			defaultConfigurationName = Release;
		};
/* End XCConfigurationList section */
	};
	rootObject = C3745824259C5057002D4E11 /* Project object */;
}
